
Microsoft Visual Studio Solution File, Format Version 12.00
# Visual Studio Version 16
VisualStudioVersion = 16.0.30611.23
MinimumVisualStudioVersion = 10.0.40219.1
Project("{FAE04EC0-301F-11D3-BF4B-00C04F79EFBC}") = "Good_Design", "Good_Design.csproj", "{F2451609-BCC3-4B4C-B1E7-6A2B23B958D2}"
EndProject
Global
	GlobalSection(SolutionConfigurationPlatforms) = preSolution
		Debug|Any CPU = Debug|Any CPU
		Release|Any CPU = Release|Any CPU
	EndGlobalSection
	GlobalSection(ProjectConfigurationPlatforms) = postSolution
		{F2451609-BCC3-4B4C-B1E7-6A2B23B958D2}.Debug|Any CPU.ActiveCfg = Debug|Any CPU
		{F2451609-BCC3-4B4C-B1E7-6A2B23B958D2}.Debug|Any CPU.Build.0 = Debug|Any CPU
		{F2451609-BCC3-4B4C-B1E7-6A2B23B958D2}.Release|Any CPU.ActiveCfg = Release|Any CPU
		{F2451609-BCC3-4B4C-B1E7-6A2B23B958D2}.Release|Any CPU.Build.0 = Release|Any CPU
	EndGlobalSection
	GlobalSection(SolutionProperties) = preSolution
		HideSolutionNode = FALSE
	EndGlobalSection
	GlobalSection(ExtensibilityGlobals) = postSolution
		SolutionGuid = {1CF6A09E-BB3C-4842-8CB1-8FF5B561BC63}
	EndGlobalSection
EndGlobal
